{
  "name": "__e2e__",
  "version": "0.0.0",
  "lockfileVersion": 2,
  "requires": true,
  "packages": {
    "": {
      "version": "0.0.0",
      "dependencies": {
        "app-core": "file:../app/core",
        "app-infra": "file:../app/infra"
      }
    },
    "../app/core": {
      "version": "0.0.0",
      "dependencies": {
        "common": "file:../../common"
      }
    },
    "../app/infra": {
      "version": "0.0.0",
      "dependencies": {
        "@aws-lambda-powertools/logger": "^1.5.0",
        "@aws-lambda-powertools/tracer": "^1.5.0",
        "app-core": "file:../core",
        "axios": "^1.2.1",
        "common": "file:../../common",
        "winston": "^3.8.2"
      }
    },
    "node_modules/app-core": {
      "resolved": "../app/core",
      "link": true
    },
    "node_modules/app-infra": {
      "resolved": "../app/infra",
      "link": true
    }
  },
  "dependencies": {
    "app-core": {
      "version": "file:../app/core",
      "requires": {
        "common": "file:../../common"
      }
    },
    "app-infra": {
      "version": "file:../app/infra",
      "requires": {
        "@aws-lambda-powertools/logger": "^1.5.0",
        "@aws-lambda-powertools/tracer": "^1.5.0",
        "app-core": "file:../core",
        "axios": "^1.2.1",
        "common": "file:../../common",
        "winston": "^3.8.2"
      }
    }
  }
}
